// !$*UTF8*$!
{
	archiveVersion = 1;
	classes = {
	};
	objectVersion = 46;
	objects = {

/* Begin PBXBuildFile section */
		EF0C7A661F64382B00A7A2C2 /* AppDelegate.swift in Sources */ = {isa = PBXBuildFile; fileRef = EF0C7A651F64382B00A7A2C2 /* AppDelegate.swift */; };
		EF0C7A681F64382B00A7A2C2 /* ViewController.swift in Sources */ = {isa = PBXBuildFile; fileRef = EF0C7A671F64382B00A7A2C2 /* ViewController.swift */; };
		EF0C7A6B1F64382B00A7A2C2 /* Main.storyboard in Resources */ = {isa = PBXBuildFile; fileRef = EF0C7A691F64382B00A7A2C2 /* Main.storyboard */; };
		EF0C7A6D1F64382B00A7A2C2 /* Assets.xcassets in Resources */ = {isa = PBXBuildFile; fileRef = EF0C7A6C1F64382B00A7A2C2 /* Assets.xcassets */; };
		EF0C7A701F64382B00A7A2C2 /* LaunchScreen.storyboard in Resources */ = {isa = PBXBuildFile; fileRef = EF0C7A6E1F64382B00A7A2C2 /* LaunchScreen.storyboard */; };
		EF0C7A781F643BF600A7A2C2 /* pokemon.csv in Resources */ = {isa = PBXBuildFile; fileRef = EF0C7A771F643BF600A7A2C2 /* pokemon.csv */; };
/* End PBXBuildFile section */

/* Begin PBXFileReference section */
		EF0C7A621F64382B00A7A2C2 /* pokedex3.app */ = {isa = PBXFileReference; explicitFileType = wrapper.application; includeInIndex = 0; path = pokedex3.app; sourceTree = BUILT_PRODUCTS_DIR; };
		EF0C7A651F64382B00A7A2C2 /* AppDelegate.swift */ = {isa = PBXFileReference; lastKnownFileType = sourcecode.swift; path = AppDelegate.swift; sourceTree = "<group>"; };
		EF0C7A671F64382B00A7A2C2 /* ViewController.swift */ = {isa = PBXFileReference; lastKnownFileType = sourcecode.swift; path = ViewController.swift; sourceTree = "<group>"; };
		EF0C7A6A1F64382B00A7A2C2 /* Base */ = {isa = PBXFileReference; lastKnownFileType = file.storyboard; name = Base; path = Base.lproj/Main.storyboard; sourceTree = "<group>"; };
		EF0C7A6C1F64382B00A7A2C2 /* Assets.xcassets */ = {isa = PBXFileReference; lastKnownFileType = folder.assetcatalog; path = Assets.xcassets; sourceTree = "<group>"; };
		EF0C7A6F1F64382B00A7A2C2 /* Base */ = {isa = PBXFileReference; lastKnownFileType = file.storyboard; name = Base; path = Base.lproj/LaunchScreen.storyboard; sourceTree = "<group>"; };
		EF0C7A711F64382B00A7A2C2 /* Info.plist */ = {isa = PBXFileReference; lastKnownFileType = text.plist.xml; path = Info.plist; sourceTree = "<group>"; };
		EF0C7A771F643BF600A7A2C2 /* pokemon.csv */ = {isa = PBXFileReference; fileEncoding = 4; lastKnownFileType = text; path = pokemon.csv; sourceTree = "<group>"; };
/* End PBXFileReference section */

/* Begin PBXFrameworksBuildPhase section */
		EF0C7A5F1F64382B00A7A2C2 /* Frameworks */ = {
			isa = PBXFrameworksBuildPhase;
			buildActionMask = 2147483647;
			files = (
			);
			runOnlyForDeploymentPostprocessing = 0;
		};
/* End PBXFrameworksBuildPhase section */

/* Begin PBXGroup section */
		EF0C7A591F64382B00A7A2C2 = {
			isa = PBXGroup;
			children = (
				EF0C7A641F64382B00A7A2C2 /* pokedex3 */,
				EF0C7A631F64382B00A7A2C2 /* Products */,
			);
			sourceTree = "<group>";
		};
		EF0C7A631F64382B00A7A2C2 /* Products */ = {
			isa = PBXGroup;
			children = (
				EF0C7A621F64382B00A7A2C2 /* pokedex3.app */,
			);
			name = Products;
			sourceTree = "<group>";
		};
		EF0C7A641F64382B00A7A2C2 /* pokedex3 */ = {
			isa = PBXGroup;
			children = (
				EF0C7A651F64382B00A7A2C2 /* AppDelegate.swift */,
				EF0C7A671F64382B00A7A2C2 /* ViewController.swift */,
				EF0C7A691F64382B00A7A2C2 /* Main.storyboard */,
				EF0C7A6C1F64382B00A7A2C2 /* Assets.xcassets */,
				EF0C7A771F643BF600A7A2C2 /* pokemon.csv */,
				EF0C7A6E1F64382B00A7A2C2 /* LaunchScreen.storyboard */,
				EF0C7A711F64382B00A7A2C2 /* Info.plist */,
			);
			path = pokedex3;
			sourceTree = "<group>";
		};
/* End PBXGroup section */

/* Begin PBXNativeTarget section */
		EF0C7A611F64382B00A7A2C2 /* pokedex3 */ = {
			isa = PBXNativeTarget;
			buildConfigurationList = EF0C7A741F64382B00A7A2C2 /* Build configuration list for PBXNativeTarget "pokedex3" */;
			buildPhases = (
				EF0C7A5E1F64382B00A7A2C2 /* Sources */,
				EF0C7A5F1F64382B00A7A2C2 /* Frameworks */,
				EF0C7A601F64382B00A7A2C2 /* Resources */,
			);
			buildRules = (
			);
			dependencies = (
			);
			name = pokedex3;
			productName = pokedex3;
			productReference = EF0C7A621F64382B00A7A2C2 /* pokedex3.app */;
			productType = "com.apple.product-type.application";
		};
/* End PBXNativeTarget section */

/* Begin PBXProject section */
		EF0C7A5A1F64382B00A7A2C2 /* Project object */ = {
			isa = PBXProject;
			attributes = {
				LastSwiftUpdateCheck = 0830;
				LastUpgradeCheck = 0830;
				ORGANIZATIONNAME = "Okan Bagci";
				TargetAttributes = {
					EF0C7A611F64382B00A7A2C2 = {
						CreatedOnToolsVersion = 8.3.3;
						DevelopmentTeam = 45495YLCT9;
						ProvisioningStyle = Automatic;
					};
				};
			};
			buildConfigurationList = EF0C7A5D1F64382B00A7A2C2 /* Build configuration list for PBXProject "pokedex3" */;
			compatibilityVersion = "Xcode 3.2";
			developmentRegion = English;
			hasScannedForEncodings = 0;
			knownRegions = (
				en,
				Base,
			);
			mainGroup = EF0C7A591F64382B00A7A2C2;
			productRefGroup = EF0C7A631F64382B00A7A2C2 /* Products */;
			projectDirPath = "";
			projectRoot = "";
			targets = (
				EF0C7A611F64382B00A7A2C2 /* pokedex3 */,
			);
		};
/* End PBXProject section */

/* Begin PBXResourcesBuildPhase section */
		EF0C7A601F64382B00A7A2C2 /* Resources */ = {
			isa = PBXResourcesBuildPhase;
			buildActionMask = 2147483647;
			files = (
				EF0C7A701F64382B00A7A2C2 /* LaunchScreen.storyboard in Resources */,
				EF0C7A6D1F64382B00A7A2C2 /* Assets.xcassets in Resources */,
				EF0C7A781F643BF600A7A2C2 /* pokemon.csv in Resources */,
				EF0C7A6B1F64382B00A7A2C2 /* Main.storyboard in Resources */,
			);
			runOnlyForDeploymentPostprocessing = 0;
		};
/* End PBXResourcesBuildPhase section */

/* Begin PBXSourcesBuildPhase section */
		EF0C7A5E1F64382B00A7A2C2 /* Sources */ = {
			isa = PBXSourcesBuildPhase;
			buildActionMask = 2147483647;
			files = (
				EF0C7A681F64382B00A7A2C2 /* ViewController.swift in Sources */,
				EF0C7A661F64382B00A7A2C2 /* AppDelegate.swift in Sources */,
			);
			runOnlyForDeploymentPostprocessing = 0;
		};
/* End PBXSourcesBuildPhase section */

/* Begin PBXVariantGroup section */
		EF0C7A691F64382B00A7A2C2 /* Main.storyboard */ = {
			isa = PBXVariantGroup;
			children = (
				EF0C7A6A1F64382B00A7A2C2 /* Base */,
			);
			name = Main.storyboard;
			sourceTree = "<group>";
		};
		EF0C7A6E1F64382B00A7A2C2 /* LaunchScreen.storyboard */ = {
			isa = PBXVariantGroup;
			children = (
				EF0C7A6F1F64382B00A7A2C2 /* Base */,
			);
			name = LaunchScreen.storyboard;
			sourceTree = "<group>";
		};
/* End PBXVariantGroup section */

/* Begin XCBuildConfiguration section */
		EF0C7A721F64382B00A7A2C2 /* Debug */ = {
			isa = XCBuildConfiguration;
			buildSettings = {
				ALWAYS_SEARCH_USER_PATHS = NO;
				CLANG_ANALYZER_NONNULL = YES;
				CLANG_ANALYZER_NUMBER_OBJECT_CONVERSION = YES_AGGRESSIVE;
				CLANG_CXX_LANGUAGE_STANDARD = "gnu++0x";
				CLANG_CXX_LIBRARY = "libc++";
				CLANG_ENABLE_MODULES = YES;
				CLANG_ENABLE_OBJC_ARC = YES;
				CLANG_WARN_BOOL_CONVERSION = YES;
				CLANG_WARN_CONSTANT_CONVERSION = YES;
				CLANG_WARN_DIRECT_OBJC_ISA_USAGE = YES_ERROR;
				CLANG_WARN_DOCUMENTATION_COMMENTS = YES;
				CLANG_WARN_EMPTY_BODY = YES;
				CLANG_WARN_ENUM_CONVERSION = YES;
				CLANG_WARN_INFINITE_RECURSION = YES;
				CLANG_WARN_INT_CONVERSION = YES;
				CLANG_WARN_OBJC_ROOT_CLASS = YES_ERROR;
				CLANG_WARN_SUSPICIOUS_MOVE = YES;
				CLANG_WARN_UNREACHABLE_CODE = YES;
				CLANG_WARN__DUPLICATE_METHOD_MATCH = YES;
				"CODE_SIGN_IDENTITY[sdk=iphoneos*]" = "iPhone Developer";
				COPY_PHASE_STRIP = NO;
				DEBUG_INFORMATION_FORMAT = dwarf;
				ENABLE_STRICT_OBJC_MSGSEND = YES;
				ENABLE_TESTABILITY = YES;
				GCC_C_LANGUAGE_STANDARD = gnu99;
				GCC_DYNAMIC_NO_PIC = NO;
				GCC_NO_COMMON_BLOCKS = YES;
				GCC_OPTIMIZATION_LEVEL = 0;
				GCC_PREPROCESSOR_DEFINITIONS = (
					"DEBUG=1",
					"$(inherited)",
				);
				GCC_WARN_64_TO_32_BIT_CONVERSION = YES;
				GCC_WARN_ABOUT_RETURN_TYPE = YES_ERROR;
				GCC_WARN_UNDECLARED_SELECTOR = YES;
				GCC_WARN_UNINITIALIZED_AUTOS = YES_AGGRESSIVE;
				GCC_WARN_UNUSED_FUNCTION = YES;
				GCC_WARN_UNUSED_VARIABLE = YES;
				IPHONEOS_DEPLOYMENT_TARGET = 10.3;
				MTL_ENABLE_DEBUG_INFO = YES;
				ONLY_ACTIVE_ARCH = YES;
				SDKROOT = iphoneos;
				SWIFT_ACTIVE_COMPILATION_CONDITIONS = DEBUG;
				SWIFT_OPTIMIZATION_LEVEL = "-Onone";
				TARGETED_DEVICE_FAMILY = "1,2";
			};
			name = Debug;
		};
		EF0C7A731F64382B00A7A2C2 /* Release */ = {
			isa = XCBuildConfiguration;
			buildSettings = {
				ALWAYS_SEARCH_USER_PATHS = NO;
				CLANG_ANALYZER_NONNULL = YES;
				CLANG_ANALYZER_NUMBER_OBJECT_CONVERSION = YES_AGGRESSIVE;
				CLANG_CXX_LANGUAGE_STANDARD = "gnu++0x";
				CLANG_CXX_LIBRARY = "libc++";
				CLANG_ENABLE_MODULES = YES;
				CLANG_ENABLE_OBJC_ARC = YES;
				CLANG_WARN_BOOL_CONVERSION = YES;
				CLANG_WARN_CONSTANT_CONVERSION = YES;
				CLANG_WARN_DIRECT_OBJC_ISA_USAGE = YES_ERROR;
				CLANG_WARN_DOCUMENTATION_COMMENTS = YES;
				CLANG_WARN_EMPTY_BODY = YES;
				CLANG_WARN_ENUM_CONVERSION = YES;
				CLANG_WARN_INFINITE_RECURSION = YES;
				CLANG_WARN_INT_CONVERSION = YES;
				CLANG_WARN_OBJC_ROOT_CLASS = YES_ERROR;
				CLANG_WARN_SUSPICIOUS_MOVE = YES;
				CLANG_WARN_UNREACHABLE_CODE = YES;
				CLANG_WARN__DUPLICATE_METHOD_MATCH = YES;
				"CODE_SIGN_IDENTITY[sdk=iphoneos*]" = "iPhone Developer";
				COPY_PHASE_STRIP = NO;
				DEBUG_INFORMATION_FORMAT = "dwarf-with-dsym";
				ENABLE_NS_ASSERTIONS = NO;
				ENABLE_STRICT_OBJC_MSGSEND = YES;
				GCC_C_LANGUAGE_STANDARD = gnu99;
				GCC_NO_COMMON_BLOCKS = YES;
				GCC_WARN_64_TO_32_BIT_CONVERSION = YES;
				GCC_WARN_ABOUT_RETURN_TYPE = YES_ERROR;
				GCC_WARN_UNDECLARED_SELECTOR = YES;
				GCC_WARN_UNINITIALIZED_AUTOS = YES_AGGRESSIVE;
				GCC_WARN_UNUSED_FUNCTION = YES;
				GCC_WARN_UNUSED_VARIABLE = YES;
				IPHONEOS_DEPLOYMENT_TARGET = 10.3;
				MTL_ENABLE_DEBUG_INFO = NO;
				SDKROOT = iphoneos;
				SWIFT_OPTIMIZATION_LEVEL = "-Owholemodule";
				TARGETED_DEVICE_FAMILY = "1,2";
				VALIDATE_PRODUCT = YES;
			};
			name = Release;
		};
		EF0C7A751F64382B00A7A2C2 /* Debug */ = {
			isa = XCBuildConfiguration;
			buildSettings = {
				ASSETCATALOG_COMPILER_APPICON_NAME = AppIcon;
				DEVELOPMENT_TEAM = 45495YLCT9;
				INFOPLIST_FILE = pokedex3/Info.plist;
				LD_RUNPATH_SEARCH_PATHS = "$(inherited) @executable_path/Frameworks";
				PRODUCT_BUNDLE_IDENTIFIER = com.okidoki.pokedex3;
				PRODUCT_NAME = "$(TARGET_NAME)";
				SWIFT_VERSION = 3.0;
			};
			name = Debug;
		};
		EF0C7A761F64382B00A7A2C2 /* Release */ = {
			isa = XCBuildConfiguration;
			buildSettings = {
				ASSETCATALOG_COMPILER_APPICON_NAME = AppIcon;
				DEVELOPMENT_TEAM = 45495YLCT9;
				INFOPLIST_FILE = pokedex3/Info.plist;
				LD_RUNPATH_SEARCH_PATHS = "$(inherited) @executable_path/Frameworks";
				PRODUCT_BUNDLE_IDENTIFIER = com.okidoki.pokedex3;
				PRODUCT_NAME = "$(TARGET_NAME)";
				SWIFT_VERSION = 3.0;
			};
			name = Release;
		};
/* End XCBuildConfiguration section */

/* Begin XCConfigurationList section */
		EF0C7A5D1F64382B00A7A2C2 /* Build configuration list for PBXProject "pokedex3" */ = {
			isa = XCConfigurationList;
			buildConfigurations = (
				EF0C7A721F64382B00A7A2C2 /* Debug */,
				EF0C7A731F64382B00A7A2C2 /* Release */,
			);
			defaultConfigurationIsVisible = 0;
			defaultConfigurationName = Release;
		};
		EF0C7A741F64382B00A7A2C2 /* Build configuration list for PBXNativeTarget "pokedex3" */ = {
			isa = XCConfigurationList;
			buildConfigurations = (
				EF0C7A751F64382B00A7A2C2 /* Debug */,
				EF0C7A761F64382B00A7A2C2 /* Release */,
			);
			defaultConfigurationIsVisible = 0;
		};
/* End XCConfigurationList section */
	};
	rootObject = EF0C7A5A1F64382B00A7A2C2 /* Project object */;
}
